
Microsoft Visual Studio Solution File, Format Version 12.00
# Visual Studio Version 16
VisualStudioVersion = 16.0.29201.188
MinimumVisualStudioVersion = 10.0.40219.1
Project("{FAE04EC0-301F-11D3-BF4B-00C04F79EFBC}") = "BookMyFlight", "BookMyFlight\BookMyFlight.csproj", "{A9997AE4-8093-42C7-9472-62792060A639}"
EndProject
Global
	GlobalSection(SolutionConfigurationPlatforms) = preSolution
		Debug|Any CPU = Debug|Any CPU
		Release|Any CPU = Release|Any CPU
	EndGlobalSection
	GlobalSection(ProjectConfigurationPlatforms) = postSolution
		{A9997AE4-8093-42C7-9472-62792060A639}.Debug|Any CPU.ActiveCfg = Debug|Any CPU
		{A9997AE4-8093-42C7-9472-62792060A639}.Debug|Any CPU.Build.0 = Debug|Any CPU
		{A9997AE4-8093-42C7-9472-62792060A639}.Release|Any CPU.ActiveCfg = Release|Any CPU
		{A9997AE4-8093-42C7-9472-62792060A639}.Release|Any CPU.Build.0 = Release|Any CPU
	EndGlobalSection
	GlobalSection(SolutionProperties) = preSolution
		HideSolutionNode = FALSE
	EndGlobalSection
	GlobalSection(ExtensibilityGlobals) = postSolution
		SolutionGuid = {03245737-8B7F-4E94-BACD-AF281B261EF2}
	EndGlobalSection
EndGlobal
